// !$*UTF8*$!
{
	archiveVersion = 1;
	classes = {
	};
	objectVersion = 46;
	objects = {

/* Begin PBXBuildFile section */
		BF3406171D62F6E2002CFEE6 /* DHBSDKListFetcer.m in Sources */ = {isa = PBXBuildFile; fileRef = BF3406161D62F6E2002CFEE6 /* DHBSDKListFetcer.m */; };
		BF34061E1D62F8CB002CFEE6 /* DHBSDKNetworkManager.m in Sources */ = {isa = PBXBuildFile; fileRef = BF34061D1D62F8CB002CFEE6 /* DHBSDKNetworkManager.m */; };
		BF526B9B1D53808000E11FD1 /* LICENCE.txt in Resources */ = {isa = PBXBuildFile; fileRef = BF526B971D53808000E11FD1 /* LICENCE.txt */; };
		BF526B9C1D53808000E11FD1 /* Reachability.m in Sources */ = {isa = PBXBuildFile; fileRef = BF526B991D53808000E11FD1 /* Reachability.m */; };
		BF526B9D1D53808000E11FD1 /* README.md in Sources */ = {isa = PBXBuildFile; fileRef = BF526B9A1D53808000E11FD1 /* README.md */; };
		BF526BA01D53811600E11FD1 /* DHBSDKStartLoadingService.m in Sources */ = {isa = PBXBuildFile; fileRef = BF526B9F1D53811600E11FD1 /* DHBSDKStartLoadingService.m */; };
		BF526BA41D53820600E11FD1 /* DHBSDKResolveItemNew.m in Sources */ = {isa = PBXBuildFile; fileRef = BF526BA31D53820600E11FD1 /* DHBSDKResolveItemNew.m */; };
		BF526BAA1D53834700E11FD1 /* DHBSDKYuloreAPIClient.m in Sources */ = {isa = PBXBuildFile; fileRef = BF526BA91D53834700E11FD1 /* DHBSDKYuloreAPIClient.m */; };
		BF526BEA1D54614200E11FD1 /* libz.tbd in Frameworks */ = {isa = PBXBuildFile; fileRef = BF526BE91D54614200E11FD1 /* libz.tbd */; };
		BF526BF21D5471A900E11FD1 /* DHBSDKTuanGouItem.m in Sources */ = {isa = PBXBuildFile; fileRef = BF526BF11D5471A900E11FD1 /* DHBSDKTuanGouItem.m */; };
		BF526BF41D5474DE00E11FD1 /* libsqlite3.tbd in Frameworks */ = {isa = PBXBuildFile; fileRef = BF526BF31D5474DE00E11FD1 /* libsqlite3.tbd */; };
		BF526BF61D5474E700E11FD1 /* libc++.tbd in Frameworks */ = {isa = PBXBuildFile; fileRef = BF526BF51D5474E700E11FD1 /* libc++.tbd */; };
		BF526BF81D5474F100E11FD1 /* libbz2.tbd in Frameworks */ = {isa = PBXBuildFile; fileRef = BF526BF71D5474F100E11FD1 /* libbz2.tbd */; };
		BF526C051D54762D00E11FD1 /* dhbsdkioapi.c in Sources */ = {isa = PBXBuildFile; fileRef = BF526BFB1D54762D00E11FD1 /* dhbsdkioapi.c */; };
		BF526C061D54762D00E11FD1 /* dhbsdkmztools.c in Sources */ = {isa = PBXBuildFile; fileRef = BF526BFD1D54762D00E11FD1 /* dhbsdkmztools.c */; };
		BF526C071D54762D00E11FD1 /* dhbsdkunzip.c in Sources */ = {isa = PBXBuildFile; fileRef = BF526BFF1D54762D00E11FD1 /* dhbsdkunzip.c */; };
		BF526C081D54762D00E11FD1 /* DHBSDKYuloreZipArchive.m in Sources */ = {isa = PBXBuildFile; fileRef = BF526C021D54762D00E11FD1 /* DHBSDKYuloreZipArchive.m */; settings = {COMPILER_FLAGS = "-fno-objc-arc"; }; };
		BF526C091D54762D00E11FD1 /* dhbsdkzip.c in Sources */ = {isa = PBXBuildFile; fileRef = BF526C031D54762D00E11FD1 /* dhbsdkzip.c */; };
		BF5307E51D5AC7AA000901F9 /* 0_mtyF_full.zip in Resources */ = {isa = PBXBuildFile; fileRef = BF5307E31D5AC7AA000901F9 /* 0_mtyF_full.zip */; };
		BF5307E61D5AC7AA000901F9 /* service_icon.zip in Resources */ = {isa = PBXBuildFile; fileRef = BF5307E41D5AC7AA000901F9 /* service_icon.zip */; };
		BFA1461F1D53222D008DE524 /* main.m in Sources */ = {isa = PBXBuildFile; fileRef = BFA1461E1D53222D008DE524 /* main.m */; };
		BFA146221D53222D008DE524 /* AppDelegate.m in Sources */ = {isa = PBXBuildFile; fileRef = BFA146211D53222D008DE524 /* AppDelegate.m */; };
		BFA146251D53222D008DE524 /* ViewController.m in Sources */ = {isa = PBXBuildFile; fileRef = BFA146241D53222D008DE524 /* ViewController.m */; };
		BFA146281D53222D008DE524 /* Main.storyboard in Resources */ = {isa = PBXBuildFile; fileRef = BFA146261D53222D008DE524 /* Main.storyboard */; };
		BFA1462A1D53222D008DE524 /* Assets.xcassets in Resources */ = {isa = PBXBuildFile; fileRef = BFA146291D53222D008DE524 /* Assets.xcassets */; };
		BFA1462D1D53222D008DE524 /* LaunchScreen.storyboard in Resources */ = {isa = PBXBuildFile; fileRef = BFA1462B1D53222D008DE524 /* LaunchScreen.storyboard */; };
		BFA146381D532328008DE524 /* NSString+DHBSDKYuloreFilePath.m in Sources */ = {isa = PBXBuildFile; fileRef = BFA146371D532328008DE524 /* NSString+DHBSDKYuloreFilePath.m */; };
		BFA146501D5323DE008DE524 /* DHBCovertIndexContent.m in Sources */ = {isa = PBXBuildFile; fileRef = BFA146491D5323DE008DE524 /* DHBCovertIndexContent.m */; };
		BFA146511D5323DE008DE524 /* DHBDataFetcher.m in Sources */ = {isa = PBXBuildFile; fileRef = BFA1464B1D5323DE008DE524 /* DHBDataFetcher.m */; };
		BFA146521D5323DE008DE524 /* DHBDownloadFetcher.m in Sources */ = {isa = PBXBuildFile; fileRef = BFA1464D1D5323DE008DE524 /* DHBDownloadFetcher.m */; };
		BFA146531D5323DE008DE524 /* DHBSDKUpdateItem.m in Sources */ = {isa = PBXBuildFile; fileRef = BFA1464F1D5323DE008DE524 /* DHBSDKUpdateItem.m */; };
		BFA1465B1D532488008DE524 /* DHBSDKOpenUDID.m in Sources */ = {isa = PBXBuildFile; fileRef = BFA146591D532488008DE524 /* DHBSDKOpenUDID.m */; settings = {COMPILER_FLAGS = "-fno-objc-arc"; }; };
		BFA1465F1D5324BB008DE524 /* DHBHTTPSessionManager.m in Sources */ = {isa = PBXBuildFile; fileRef = BFA1465E1D5324BB008DE524 /* DHBHTTPSessionManager.m */; };
		BFA146621D5324DE008DE524 /* FileHash.m in Sources */ = {isa = PBXBuildFile; fileRef = BFA146611D5324DE008DE524 /* FileHash.m */; };
		BFA146651D5324F5008DE524 /* NSString+DHBSDKMD5Check.m in Sources */ = {isa = PBXBuildFile; fileRef = BFA146641D5324F5008DE524 /* NSString+DHBSDKMD5Check.m */; };
		BFA1466B1D532554008DE524 /* DHBSDKbspatch.c in Sources */ = {isa = PBXBuildFile; fileRef = BFA146671D532554008DE524 /* DHBSDKbspatch.c */; };
		BFA1466C1D532554008DE524 /* DHBSDKbspatchOC.m in Sources */ = {isa = PBXBuildFile; fileRef = BFA1466A1D532554008DE524 /* DHBSDKbspatchOC.m */; };
		BFA146C61D53274C008DE524 /* DHBEnvironmentValidate.m in Sources */ = {isa = PBXBuildFile; fileRef = BFA146C51D53274C008DE524 /* DHBEnvironmentValidate.m */; };
		BFA146DC1D532B8F008DE524 /* DHBErrorHelper.m in Sources */ = {isa = PBXBuildFile; fileRef = BFA146DB1D532B8F008DE524 /* DHBErrorHelper.m */; };
		BFA146DF1D532BA4008DE524 /* DHBSDKDHBFileOperation.m in Sources */ = {isa = PBXBuildFile; fileRef = BFA146DE1D532BA4008DE524 /* DHBSDKDHBFileOperation.m */; };
		BFA146E21D532BBE008DE524 /* NSDictionary+DHBSDKSignature.m in Sources */ = {isa = PBXBuildFile; fileRef = BFA146E11D532BBE008DE524 /* NSDictionary+DHBSDKSignature.m */; };
		BFA146E51D532BD9008DE524 /* DHBSDKResolveDataFile.m in Sources */ = {isa = PBXBuildFile; fileRef = BFA146E41D532BD9008DE524 /* DHBSDKResolveDataFile.m */; };
		BFA146E81D532C16008DE524 /* DHBSDKYP_ASIDataDecompressor.m in Sources */ = {isa = PBXBuildFile; fileRef = BFA146E71D532C16008DE524 /* DHBSDKYP_ASIDataDecompressor.m */; };
		BFA146EE1D532CCE008DE524 /* DHBSDKCategoryItem.m in Sources */ = {isa = PBXBuildFile; fileRef = BFA146ED1D532CCE008DE524 /* DHBSDKCategoryItem.m */; };
		BFA146F41D532CF2008DE524 /* DHBSDKServicesItem.m in Sources */ = {isa = PBXBuildFile; fileRef = BFA146F31D532CF2008DE524 /* DHBSDKServicesItem.m */; };
		BFA146F71D532D0A008DE524 /* DHBSDKNearbyItem.m in Sources */ = {isa = PBXBuildFile; fileRef = BFA146F61D532D0A008DE524 /* DHBSDKNearbyItem.m */; };
		BFA146FA1D532D1C008DE524 /* DHBSDKPromotionItem.m in Sources */ = {isa = PBXBuildFile; fileRef = BFA146F91D532D1C008DE524 /* DHBSDKPromotionItem.m */; };
		BFA147071D532E5D008DE524 /* DHBSDKShopItem.m in Sources */ = {isa = PBXBuildFile; fileRef = BFA147061D532E5D008DE524 /* DHBSDKShopItem.m */; };
		BFA1470E1D532EC0008DE524 /* DHBSDKAPIDotDianHuaDotCNClient.m in Sources */ = {isa = PBXBuildFile; fileRef = BFA1470D1D532EC0008DE524 /* DHBSDKAPIDotDianHuaDotCNClient.m */; };
		BFA147111D532ED3008DE524 /* DHBSDKTeleNumber.m in Sources */ = {isa = PBXBuildFile; fileRef = BFA147101D532ED3008DE524 /* DHBSDKTeleNumber.m */; };
		BFA147181D532FDA008DE524 /* DHBSDKCustomItem.m in Sources */ = {isa = PBXBuildFile; fileRef = BFA147171D532FDA008DE524 /* DHBSDKCustomItem.m */; };
		BFA1471E1D533022008DE524 /* NSString+DHBSDKCrypto.m in Sources */ = {isa = PBXBuildFile; fileRef = BFA1471D1D533022008DE524 /* NSString+DHBSDKCrypto.m */; };
		BFA147411D5330B0008DE524 /* NSDictionary+DHBSDKOffset.m in Sources */ = {isa = PBXBuildFile; fileRef = BFA147401D5330B0008DE524 /* NSDictionary+DHBSDKOffset.m */; };
		BFA147441D5330ED008DE524 /* OfflineDataHelper.mm in Sources */ = {isa = PBXBuildFile; fileRef = BFA147431D5330ED008DE524 /* OfflineDataHelper.mm */; };
		BFA1474C1D533866008DE524 /* DHBSDKCategoryFetcer.m in Sources */ = {isa = PBXBuildFile; fileRef = BFA1474B1D533866008DE524 /* DHBSDKCategoryFetcer.m */; };
		BFDBFB8F1D5D6A0800F4E527 /* YuloreApiManager.m in Sources */ = {isa = PBXBuildFile; fileRef = BFDBFB8E1D5D6A0800F4E527 /* YuloreApiManager.m */; };
		BFDBFB921D5D74C900F4E527 /* DHBSDKResolveFecherNew.m in Sources */ = {isa = PBXBuildFile; fileRef = BFDBFB911D5D74C900F4E527 /* DHBSDKResolveFecherNew.m */; };
		BFDBFB951D5D74FC00F4E527 /* DHBSDKSignatureHelper.m in Sources */ = {isa = PBXBuildFile; fileRef = BFDBFB941D5D74FC00F4E527 /* DHBSDKSignatureHelper.m */; };
		BFDBFB981D5DAD6D00F4E527 /* DHBSDKMarkTeleHelper.m in Sources */ = {isa = PBXBuildFile; fileRef = BFDBFB971D5DAD6D00F4E527 /* DHBSDKMarkTeleHelper.m */; };
		BFF1027D1D6356E400EF1DBF /* AFHTTPSessionManager.m in Sources */ = {isa = PBXBuildFile; fileRef = BFF1025C1D6356E400EF1DBF /* AFHTTPSessionManager.m */; };
		BFF1027E1D6356E400EF1DBF /* AFNetworkReachabilityManager.m in Sources */ = {isa = PBXBuildFile; fileRef = BFF1025F1D6356E400EF1DBF /* AFNetworkReachabilityManager.m */; };
		BFF1027F1D6356E400EF1DBF /* AFSecurityPolicy.m in Sources */ = {isa = PBXBuildFile; fileRef = BFF102611D6356E400EF1DBF /* AFSecurityPolicy.m */; };
		BFF102801D6356E400EF1DBF /* AFURLRequestSerialization.m in Sources */ = {isa = PBXBuildFile; fileRef = BFF102631D6356E400EF1DBF /* AFURLRequestSerialization.m */; };
		BFF102811D6356E400EF1DBF /* AFURLResponseSerialization.m in Sources */ = {isa = PBXBuildFile; fileRef = BFF102651D6356E400EF1DBF /* AFURLResponseSerialization.m */; };
		BFF102821D6356E400EF1DBF /* AFURLSessionManager.m in Sources */ = {isa = PBXBuildFile; fileRef = BFF102671D6356E400EF1DBF /* AFURLSessionManager.m */; };
		BFF102831D6356E400EF1DBF /* AFAutoPurgingImageCache.m in Sources */ = {isa = PBXBuildFile; fileRef = BFF1026A1D6356E400EF1DBF /* AFAutoPurgingImageCache.m */; };
		BFF102841D6356E400EF1DBF /* AFImageDownloader.m in Sources */ = {isa = PBXBuildFile; fileRef = BFF1026C1D6356E400EF1DBF /* AFImageDownloader.m */; };
		BFF102851D6356E400EF1DBF /* AFNetworkActivityIndicatorManager.m in Sources */ = {isa = PBXBuildFile; fileRef = BFF1026E1D6356E400EF1DBF /* AFNetworkActivityIndicatorManager.m */; };
		BFF102861D6356E400EF1DBF /* UIActivityIndicatorView+AFNetworking.m in Sources */ = {isa = PBXBuildFile; fileRef = BFF102701D6356E400EF1DBF /* UIActivityIndicatorView+AFNetworking.m */; };
		BFF102871D6356E400EF1DBF /* UIButton+AFNetworking.m in Sources */ = {isa = PBXBuildFile; fileRef = BFF102721D6356E400EF1DBF /* UIButton+AFNetworking.m */; };
		BFF102881D6356E400EF1DBF /* UIImageView+AFNetworking.m in Sources */ = {isa = PBXBuildFile; fileRef = BFF102751D6356E400EF1DBF /* UIImageView+AFNetworking.m */; };
		BFF102891D6356E400EF1DBF /* UIProgressView+AFNetworking.m in Sources */ = {isa = PBXBuildFile; fileRef = BFF102781D6356E400EF1DBF /* UIProgressView+AFNetworking.m */; };
		BFF1028A1D6356E400EF1DBF /* UIRefreshControl+AFNetworking.m in Sources */ = {isa = PBXBuildFile; fileRef = BFF1027A1D6356E400EF1DBF /* UIRefreshControl+AFNetworking.m */; };
		BFF1028B1D6356E400EF1DBF /* UIWebView+AFNetworking.m in Sources */ = {isa = PBXBuildFile; fileRef = BFF1027C1D6356E400EF1DBF /* UIWebView+AFNetworking.m */; };
/* End PBXBuildFile section */

/* Begin PBXFileReference section */
		BF3406151D62F6E2002CFEE6 /* DHBSDKListFetcer.h */ = {isa = PBXFileReference; fileEncoding = 4; lastKnownFileType = sourcecode.c.h; path = DHBSDKListFetcer.h; sourceTree = "<group>"; };
		BF3406161D62F6E2002CFEE6 /* DHBSDKListFetcer.m */ = {isa = PBXFileReference; fileEncoding = 4; lastKnownFileType = sourcecode.c.objc; path = DHBSDKListFetcer.m; sourceTree = "<group>"; };
		BF34061C1D62F8CB002CFEE6 /* DHBSDKNetworkManager.h */ = {isa = PBXFileReference; fileEncoding = 4; lastKnownFileType = sourcecode.c.h; path = DHBSDKNetworkManager.h; sourceTree = "<group>"; };
		BF34061D1D62F8CB002CFEE6 /* DHBSDKNetworkManager.m */ = {isa = PBXFileReference; fileEncoding = 4; lastKnownFileType = sourcecode.c.objc; path = DHBSDKNetworkManager.m; sourceTree = "<group>"; };
		BF3406211D630648002CFEE6 /* DHBSDKCommonType.h */ = {isa = PBXFileReference; fileEncoding = 4; lastKnownFileType = sourcecode.c.h; path = DHBSDKCommonType.h; sourceTree = "<group>"; };
		BF526B971D53808000E11FD1 /* LICENCE.txt */ = {isa = PBXFileReference; fileEncoding = 4; lastKnownFileType = text; path = LICENCE.txt; sourceTree = "<group>"; };
		BF526B981D53808000E11FD1 /* Reachability.h */ = {isa = PBXFileReference; fileEncoding = 4; lastKnownFileType = sourcecode.c.h; path = Reachability.h; sourceTree = "<group>"; };
		BF526B991D53808000E11FD1 /* Reachability.m */ = {isa = PBXFileReference; fileEncoding = 4; lastKnownFileType = sourcecode.c.objc; path = Reachability.m; sourceTree = "<group>"; };
		BF526B9A1D53808000E11FD1 /* README.md */ = {isa = PBXFileReference; fileEncoding = 4; lastKnownFileType = net.daringfireball.markdown; path = README.md; sourceTree = "<group>"; };
		BF526B9E1D53811600E11FD1 /* DHBSDKStartLoadingService.h */ = {isa = PBXFileReference; fileEncoding = 4; lastKnownFileType = sourcecode.c.h; path = DHBSDKStartLoadingService.h; sourceTree = "<group>"; };
		BF526B9F1D53811600E11FD1 /* DHBSDKStartLoadingService.m */ = {isa = PBXFileReference; fileEncoding = 4; lastKnownFileType = sourcecode.c.objc; path = DHBSDKStartLoadingService.m; sourceTree = "<group>"; };
		BF526BA21D53820600E11FD1 /* DHBSDKResolveItemNew.h */ = {isa = PBXFileReference; fileEncoding = 4; lastKnownFileType = sourcecode.c.h; name = DHBSDKResolveItemNew.h; path = ../ResolveModule/DHBSDKResolveItemNew.h; sourceTree = "<group>"; };
		BF526BA31D53820600E11FD1 /* DHBSDKResolveItemNew.m */ = {isa = PBXFileReference; fileEncoding = 4; lastKnownFileType = sourcecode.c.objc; path = DHBSDKResolveItemNew.m; sourceTree = "<group>"; };
		BF526BA81D53834700E11FD1 /* DHBSDKYuloreAPIClient.h */ = {isa = PBXFileReference; fileEncoding = 4; lastKnownFileType = sourcecode.c.h; path = DHBSDKYuloreAPIClient.h; sourceTree = "<group>"; };
		BF526BA91D53834700E11FD1 /* DHBSDKYuloreAPIClient.m */ = {isa = PBXFileReference; fileEncoding = 4; lastKnownFileType = sourcecode.c.objc; path = DHBSDKYuloreAPIClient.m; sourceTree = "<group>"; };
		BF526BE91D54614200E11FD1 /* libz.tbd */ = {isa = PBXFileReference; lastKnownFileType = "sourcecode.text-based-dylib-definition"; name = libz.tbd; path = usr/lib/libz.tbd; sourceTree = SDKROOT; };
		BF526BEE1D546EEC00E11FD1 /* Commondef.h */ = {isa = PBXFileReference; fileEncoding = 4; lastKnownFileType = sourcecode.c.h; name = Commondef.h; path = ../Public/Commondef.h; sourceTree = "<group>"; };
		BF526BF01D5471A900E11FD1 /* DHBSDKTuanGouItem.h */ = {isa = PBXFileReference; fileEncoding = 4; lastKnownFileType = sourcecode.c.h; path = DHBSDKTuanGouItem.h; sourceTree = "<group>"; };
		BF526BF11D5471A900E11FD1 /* DHBSDKTuanGouItem.m */ = {isa = PBXFileReference; fileEncoding = 4; lastKnownFileType = sourcecode.c.objc; path = DHBSDKTuanGouItem.m; sourceTree = "<group>"; };
		BF526BF31D5474DE00E11FD1 /* libsqlite3.tbd */ = {isa = PBXFileReference; lastKnownFileType = "sourcecode.text-based-dylib-definition"; name = libsqlite3.tbd; path = usr/lib/libsqlite3.tbd; sourceTree = SDKROOT; };
		BF526BF51D5474E700E11FD1 /* libc++.tbd */ = {isa = PBXFileReference; lastKnownFileType = "sourcecode.text-based-dylib-definition"; name = "libc++.tbd"; path = "usr/lib/libc++.tbd"; sourceTree = SDKROOT; };
		BF526BF71D5474F100E11FD1 /* libbz2.tbd */ = {isa = PBXFileReference; lastKnownFileType = "sourcecode.text-based-dylib-definition"; name = libbz2.tbd; path = usr/lib/libbz2.tbd; sourceTree = SDKROOT; };
		BF526BFA1D54762D00E11FD1 /* dhbsdkcrypt.h */ = {isa = PBXFileReference; fileEncoding = 4; lastKnownFileType = sourcecode.c.h; path = dhbsdkcrypt.h; sourceTree = "<group>"; };
		BF526BFB1D54762D00E11FD1 /* dhbsdkioapi.c */ = {isa = PBXFileReference; fileEncoding = 4; lastKnownFileType = sourcecode.c.c; path = dhbsdkioapi.c; sourceTree = "<group>"; };
		BF526BFC1D54762D00E11FD1 /* dhbsdkioapi.h */ = {isa = PBXFileReference; fileEncoding = 4; lastKnownFileType = sourcecode.c.h; path = dhbsdkioapi.h; sourceTree = "<group>"; };
		BF526BFD1D54762D00E11FD1 /* dhbsdkmztools.c */ = {isa = PBXFileReference; fileEncoding = 4; lastKnownFileType = sourcecode.c.c; path = dhbsdkmztools.c; sourceTree = "<group>"; };
		BF526BFE1D54762D00E11FD1 /* dhbsdkmztools.h */ = {isa = PBXFileReference; fileEncoding = 4; lastKnownFileType = sourcecode.c.h; path = dhbsdkmztools.h; sourceTree = "<group>"; };
		BF526BFF1D54762D00E11FD1 /* dhbsdkunzip.c */ = {isa = PBXFileReference; fileEncoding = 4; lastKnownFileType = sourcecode.c.c; path = dhbsdkunzip.c; sourceTree = "<group>"; };
		BF526C001D54762D00E11FD1 /* dhbsdkunzip.h */ = {isa = PBXFileReference; fileEncoding = 4; lastKnownFileType = sourcecode.c.h; path = dhbsdkunzip.h; sourceTree = "<group>"; };
		BF526C011D54762D00E11FD1 /* DHBSDKYuloreZipArchive.h */ = {isa = PBXFileReference; fileEncoding = 4; lastKnownFileType = sourcecode.c.h; path = DHBSDKYuloreZipArchive.h; sourceTree = "<group>"; };
		BF526C021D54762D00E11FD1 /* DHBSDKYuloreZipArchive.m */ = {isa = PBXFileReference; fileEncoding = 4; lastKnownFileType = sourcecode.c.objc; path = DHBSDKYuloreZipArchive.m; sourceTree = "<group>"; };
		BF526C031D54762D00E11FD1 /* dhbsdkzip.c */ = {isa = PBXFileReference; fileEncoding = 4; lastKnownFileType = sourcecode.c.c; path = dhbsdkzip.c; sourceTree = "<group>"; };
		BF526C041D54762D00E11FD1 /* dhbsdkzip.h */ = {isa = PBXFileReference; fileEncoding = 4; lastKnownFileType = sourcecode.c.h; path = dhbsdkzip.h; sourceTree = "<group>"; };
		BF5307E31D5AC7AA000901F9 /* 0_mtyF_full.zip */ = {isa = PBXFileReference; lastKnownFileType = archive.zip; path = 0_mtyF_full.zip; sourceTree = "<group>"; };
		BF5307E41D5AC7AA000901F9 /* service_icon.zip */ = {isa = PBXFileReference; lastKnownFileType = archive.zip; path = service_icon.zip; sourceTree = "<group>"; };
		BF7E81011D61CC1100732469 /* UIKit.framework */ = {isa = PBXFileReference; lastKnownFileType = wrapper.framework; name = UIKit.framework; path = System/Library/Frameworks/UIKit.framework; sourceTree = SDKROOT; };
		BFA1461A1D53222D008DE524 /* DHBDemo.app */ = {isa = PBXFileReference; explicitFileType = wrapper.application; includeInIndex = 0; path = DHBDemo.app; sourceTree = BUILT_PRODUCTS_DIR; };
		BFA1461E1D53222D008DE524 /* main.m */ = {isa = PBXFileReference; lastKnownFileType = sourcecode.c.objc; path = main.m; sourceTree = "<group>"; };
		BFA146201D53222D008DE524 /* AppDelegate.h */ = {isa = PBXFileReference; lastKnownFileType = sourcecode.c.h; path = AppDelegate.h; sourceTree = "<group>"; };
		BFA146211D53222D008DE524 /* AppDelegate.m */ = {isa = PBXFileReference; lastKnownFileType = sourcecode.c.objc; path = AppDelegate.m; sourceTree = "<group>"; };
		BFA146231D53222D008DE524 /* ViewController.h */ = {isa = PBXFileReference; lastKnownFileType = sourcecode.c.h; path = ViewController.h; sourceTree = "<group>"; };
		BFA146241D53222D008DE524 /* ViewController.m */ = {isa = PBXFileReference; lastKnownFileType = sourcecode.c.objc; path = ViewController.m; sourceTree = "<group>"; };
		BFA146271D53222D008DE524 /* Base */ = {isa = PBXFileReference; lastKnownFileType = file.storyboard; name = Base; path = Base.lproj/Main.storyboard; sourceTree = "<group>"; };
		BFA146291D53222D008DE524 /* Assets.xcassets */ = {isa = PBXFileReference; lastKnownFileType = folder.assetcatalog; path = Assets.xcassets; sourceTree = "<group>"; };
		BFA1462C1D53222D008DE524 /* Base */ = {isa = PBXFileReference; lastKnownFileType = file.storyboard; name = Base; path = Base.lproj/LaunchScreen.storyboard; sourceTree = "<group>"; };
		BFA1462E1D53222D008DE524 /* Info.plist */ = {isa = PBXFileReference; lastKnownFileType = text.plist.xml; path = Info.plist; sourceTree = "<group>"; };
		BFA146361D532328008DE524 /* NSString+DHBSDKYuloreFilePath.h */ = {isa = PBXFileReference; fileEncoding = 4; lastKnownFileType = sourcecode.c.h; path = "NSString+DHBSDKYuloreFilePath.h"; sourceTree = "<group>"; };
		BFA146371D532328008DE524 /* NSString+DHBSDKYuloreFilePath.m */ = {isa = PBXFileReference; fileEncoding = 4; lastKnownFileType = sourcecode.c.objc; path = "NSString+DHBSDKYuloreFilePath.m"; sourceTree = "<group>"; };
		BFA146481D5323DE008DE524 /* DHBCovertIndexContent.h */ = {isa = PBXFileReference; fileEncoding = 4; lastKnownFileType = sourcecode.c.h; path = DHBCovertIndexContent.h; sourceTree = "<group>"; };
		BFA146491D5323DE008DE524 /* DHBCovertIndexContent.m */ = {isa = PBXFileReference; fileEncoding = 4; lastKnownFileType = sourcecode.c.objc; path = DHBCovertIndexContent.m; sourceTree = "<group>"; };
		BFA1464A1D5323DE008DE524 /* DHBDataFetcher.h */ = {isa = PBXFileReference; fileEncoding = 4; lastKnownFileType = sourcecode.c.h; path = DHBDataFetcher.h; sourceTree = "<group>"; };
		BFA1464B1D5323DE008DE524 /* DHBDataFetcher.m */ = {isa = PBXFileReference; fileEncoding = 4; lastKnownFileType = sourcecode.c.objc; path = DHBDataFetcher.m; sourceTree = "<group>"; };
		BFA1464C1D5323DE008DE524 /* DHBDownloadFetcher.h */ = {isa = PBXFileReference; fileEncoding = 4; lastKnownFileType = sourcecode.c.h; path = DHBDownloadFetcher.h; sourceTree = "<group>"; };
		BFA1464D1D5323DE008DE524 /* DHBDownloadFetcher.m */ = {isa = PBXFileReference; fileEncoding = 4; lastKnownFileType = sourcecode.c.objc; path = DHBDownloadFetcher.m; sourceTree = "<group>"; };
		BFA1464E1D5323DE008DE524 /* DHBSDKUpdateItem.h */ = {isa = PBXFileReference; fileEncoding = 4; lastKnownFileType = sourcecode.c.h; path = DHBSDKUpdateItem.h; sourceTree = "<group>"; };
		BFA1464F1D5323DE008DE524 /* DHBSDKUpdateItem.m */ = {isa = PBXFileReference; fileEncoding = 4; lastKnownFileType = sourcecode.c.objc; path = DHBSDKUpdateItem.m; sourceTree = "<group>"; };
		BFA146581D532488008DE524 /* DHBSDKOpenUDID.h */ = {isa = PBXFileReference; fileEncoding = 4; lastKnownFileType = sourcecode.c.h; path = DHBSDKOpenUDID.h; sourceTree = "<group>"; };
		BFA146591D532488008DE524 /* DHBSDKOpenUDID.m */ = {isa = PBXFileReference; fileEncoding = 4; lastKnownFileType = sourcecode.c.objc; path = DHBSDKOpenUDID.m; sourceTree = "<group>"; };
		BFA1465D1D5324BB008DE524 /* DHBHTTPSessionManager.h */ = {isa = PBXFileReference; fileEncoding = 4; lastKnownFileType = sourcecode.c.h; path = DHBHTTPSessionManager.h; sourceTree = "<group>"; };
		BFA1465E1D5324BB008DE524 /* DHBHTTPSessionManager.m */ = {isa = PBXFileReference; fileEncoding = 4; lastKnownFileType = sourcecode.c.objc; path = DHBHTTPSessionManager.m; sourceTree = "<group>"; };
		BFA146601D5324DE008DE524 /* FileHash.h */ = {isa = PBXFileReference; fileEncoding = 4; lastKnownFileType = sourcecode.c.h; path = FileHash.h; sourceTree = "<group>"; };
		BFA146611D5324DE008DE524 /* FileHash.m */ = {isa = PBXFileReference; fileEncoding = 4; lastKnownFileType = sourcecode.c.objc; path = FileHash.m; sourceTree = "<group>"; };
		BFA146631D5324F5008DE524 /* NSString+DHBSDKMD5Check.h */ = {isa = PBXFileReference; fileEncoding = 4; lastKnownFileType = sourcecode.c.h; name = "NSString+DHBSDKMD5Check.h"; path = "../CallerIDModule/NSString+DHBSDKMD5Check.h"; sourceTree = "<group>"; };
		BFA146641D5324F5008DE524 /* NSString+DHBSDKMD5Check.m */ = {isa = PBXFileReference; fileEncoding = 4; lastKnownFileType = sourcecode.c.objc; name = "NSString+DHBSDKMD5Check.m"; path = "../CallerIDModule/NSString+DHBSDKMD5Check.m"; sourceTree = "<group>"; };
		BFA146671D532554008DE524 /* DHBSDKbspatch.c */ = {isa = PBXFileReference; fileEncoding = 4; lastKnownFileType = sourcecode.c.c; path = DHBSDKbspatch.c; sourceTree = "<group>"; };
		BFA146681D532554008DE524 /* DHBSDKbspatch.h */ = {isa = PBXFileReference; fileEncoding = 4; lastKnownFileType = sourcecode.c.h; path = DHBSDKbspatch.h; sourceTree = "<group>"; };
		BFA146691D532554008DE524 /* DHBSDKbspatchOC.h */ = {isa = PBXFileReference; fileEncoding = 4; lastKnownFileType = sourcecode.c.h; path = DHBSDKbspatchOC.h; sourceTree = "<group>"; };
		BFA1466A1D532554008DE524 /* DHBSDKbspatchOC.m */ = {isa = PBXFileReference; fileEncoding = 4; lastKnownFileType = sourcecode.c.objc; path = DHBSDKbspatchOC.m; sourceTree = "<group>"; };
		BFA146C41D53274C008DE524 /* DHBEnvironmentValidate.h */ = {isa = PBXFileReference; fileEncoding = 4; lastKnownFileType = sourcecode.c.h; path = DHBEnvironmentValidate.h; sourceTree = "<group>"; };
		BFA146C51D53274C008DE524 /* DHBEnvironmentValidate.m */ = {isa = PBXFileReference; fileEncoding = 4; lastKnownFileType = sourcecode.c.objc; path = DHBEnvironmentValidate.m; sourceTree = "<group>"; };
		BFA146DA1D532B8F008DE524 /* DHBErrorHelper.h */ = {isa = PBXFileReference; fileEncoding = 4; lastKnownFileType = sourcecode.c.h; name = DHBErrorHelper.h; path = ../CallerIDModule/DHBErrorHelper.h; sourceTree = "<group>"; };
		BFA146DB1D532B8F008DE524 /* DHBErrorHelper.m */ = {isa = PBXFileReference; fileEncoding = 4; lastKnownFileType = sourcecode.c.objc; name = DHBErrorHelper.m; path = ../CallerIDModule/DHBErrorHelper.m; sourceTree = "<group>"; };
		BFA146DD1D532BA4008DE524 /* DHBSDKDHBFileOperation.h */ = {isa = PBXFileReference; fileEncoding = 4; lastKnownFileType = sourcecode.c.h; path = DHBSDKDHBFileOperation.h; sourceTree = "<group>"; };
		BFA146DE1D532BA4008DE524 /* DHBSDKDHBFileOperation.m */ = {isa = PBXFileReference; fileEncoding = 4; lastKnownFileType = sourcecode.c.objc; path = DHBSDKDHBFileOperation.m; sourceTree = "<group>"; };
		BFA146E01D532BBE008DE524 /* NSDictionary+DHBSDKSignature.h */ = {isa = PBXFileReference; fileEncoding = 4; lastKnownFileType = sourcecode.c.h; name = "NSDictionary+DHBSDKSignature.h"; path = "../CallerIDModule/NSDictionary+DHBSDKSignature.h"; sourceTree = "<group>"; };
		BFA146E11D532BBE008DE524 /* NSDictionary+DHBSDKSignature.m */ = {isa = PBXFileReference; fileEncoding = 4; lastKnownFileType = sourcecode.c.objc; name = "NSDictionary+DHBSDKSignature.m"; path = "../CallerIDModule/NSDictionary+DHBSDKSignature.m"; sourceTree = "<group>"; };
		BFA146E31D532BD9008DE524 /* DHBSDKResolveDataFile.h */ = {isa = PBXFileReference; fileEncoding = 4; lastKnownFileType = sourcecode.c.h; path = DHBSDKResolveDataFile.h; sourceTree = "<group>"; };
		BFA146E41D532BD9008DE524 /* DHBSDKResolveDataFile.m */ = {isa = PBXFileReference; fileEncoding = 4; lastKnownFileType = sourcecode.c.objc; path = DHBSDKResolveDataFile.m; sourceTree = "<group>"; };
		BFA146E61D532C16008DE524 /* DHBSDKYP_ASIDataDecompressor.h */ = {isa = PBXFileReference; fileEncoding = 4; lastKnownFileType = sourcecode.c.h; path = DHBSDKYP_ASIDataDecompressor.h; sourceTree = "<group>"; };
		BFA146E71D532C16008DE524 /* DHBSDKYP_ASIDataDecompressor.m */ = {isa = PBXFileReference; fileEncoding = 4; lastKnownFileType = sourcecode.c.objc; path = DHBSDKYP_ASIDataDecompressor.m; sourceTree = "<group>"; };
		BFA146EC1D532CCE008DE524 /* DHBSDKCategoryItem.h */ = {isa = PBXFileReference; fileEncoding = 4; lastKnownFileType = sourcecode.c.h; path = DHBSDKCategoryItem.h; sourceTree = "<group>"; };
		BFA146ED1D532CCE008DE524 /* DHBSDKCategoryItem.m */ = {isa = PBXFileReference; fileEncoding = 4; lastKnownFileType = sourcecode.c.objc; path = DHBSDKCategoryItem.m; sourceTree = "<group>"; };
		BFA146F21D532CF2008DE524 /* DHBSDKServicesItem.h */ = {isa = PBXFileReference; fileEncoding = 4; lastKnownFileType = sourcecode.c.h; path = DHBSDKServicesItem.h; sourceTree = "<group>"; };
		BFA146F31D532CF2008DE524 /* DHBSDKServicesItem.m */ = {isa = PBXFileReference; fileEncoding = 4; lastKnownFileType = sourcecode.c.objc; path = DHBSDKServicesItem.m; sourceTree = "<group>"; };
		BFA146F51D532D0A008DE524 /* DHBSDKNearbyItem.h */ = {isa = PBXFileReference; fileEncoding = 4; lastKnownFileType = sourcecode.c.h; path = DHBSDKNearbyItem.h; sourceTree = "<group>"; };
		BFA146F61D532D0A008DE524 /* DHBSDKNearbyItem.m */ = {isa = PBXFileReference; fileEncoding = 4; lastKnownFileType = sourcecode.c.objc; path = DHBSDKNearbyItem.m; sourceTree = "<group>"; };
		BFA146F81D532D1C008DE524 /* DHBSDKPromotionItem.h */ = {isa = PBXFileReference; fileEncoding = 4; lastKnownFileType = sourcecode.c.h; path = DHBSDKPromotionItem.h; sourceTree = "<group>"; };
		BFA146F91D532D1C008DE524 /* DHBSDKPromotionItem.m */ = {isa = PBXFileReference; fileEncoding = 4; lastKnownFileType = sourcecode.c.objc; path = DHBSDKPromotionItem.m; sourceTree = "<group>"; };
		BFA147051D532E5D008DE524 /* DHBSDKShopItem.h */ = {isa = PBXFileReference; fileEncoding = 4; lastKnownFileType = sourcecode.c.h; path = DHBSDKShopItem.h; sourceTree = "<group>"; };
		BFA147061D532E5D008DE524 /* DHBSDKShopItem.m */ = {isa = PBXFileReference; fileEncoding = 4; lastKnownFileType = sourcecode.c.objc; path = DHBSDKShopItem.m; sourceTree = "<group>"; };
		BFA1470C1D532EC0008DE524 /* DHBSDKAPIDotDianHuaDotCNClient.h */ = {isa = PBXFileReference; fileEncoding = 4; lastKnownFileType = sourcecode.c.h; path = DHBSDKAPIDotDianHuaDotCNClient.h; sourceTree = "<group>"; };
		BFA1470D1D532EC0008DE524 /* DHBSDKAPIDotDianHuaDotCNClient.m */ = {isa = PBXFileReference; fileEncoding = 4; lastKnownFileType = sourcecode.c.objc; path = DHBSDKAPIDotDianHuaDotCNClient.m; sourceTree = "<group>"; };
		BFA1470F1D532ED3008DE524 /* DHBSDKTeleNumber.h */ = {isa = PBXFileReference; fileEncoding = 4; lastKnownFileType = sourcecode.c.h; path = DHBSDKTeleNumber.h; sourceTree = "<group>"; };
		BFA147101D532ED3008DE524 /* DHBSDKTeleNumber.m */ = {isa = PBXFileReference; fileEncoding = 4; lastKnownFileType = sourcecode.c.objc; path = DHBSDKTeleNumber.m; sourceTree = "<group>"; };
		BFA147131D532F35008DE524 /* CommonTmp.h */ = {isa = PBXFileReference; fileEncoding = 4; lastKnownFileType = sourcecode.c.h; name = CommonTmp.h; path = ../Public/CommonTmp.h; sourceTree = "<group>"; };
		BFA147161D532FDA008DE524 /* DHBSDKCustomItem.h */ = {isa = PBXFileReference; fileEncoding = 4; lastKnownFileType = sourcecode.c.h; path = DHBSDKCustomItem.h; sourceTree = "<group>"; };
		BFA147171D532FDA008DE524 /* DHBSDKCustomItem.m */ = {isa = PBXFileReference; fileEncoding = 4; lastKnownFileType = sourcecode.c.objc; path = DHBSDKCustomItem.m; sourceTree = "<group>"; };
		BFA1471C1D533022008DE524 /* NSString+DHBSDKCrypto.h */ = {isa = PBXFileReference; fileEncoding = 4; lastKnownFileType = sourcecode.c.h; path = "NSString+DHBSDKCrypto.h"; sourceTree = "<group>"; };
		BFA1471D1D533022008DE524 /* NSString+DHBSDKCrypto.m */ = {isa = PBXFileReference; fileEncoding = 4; lastKnownFileType = sourcecode.c.objc; path = "NSString+DHBSDKCrypto.m"; sourceTree = "<group>"; };
		BFA1473F1D5330B0008DE524 /* NSDictionary+DHBSDKOffset.h */ = {isa = PBXFileReference; fileEncoding = 4; lastKnownFileType = sourcecode.c.h; path = "NSDictionary+DHBSDKOffset.h"; sourceTree = "<group>"; };
		BFA147401D5330B0008DE524 /* NSDictionary+DHBSDKOffset.m */ = {isa = PBXFileReference; fileEncoding = 4; lastKnownFileType = sourcecode.c.objc; path = "NSDictionary+DHBSDKOffset.m"; sourceTree = "<group>"; };
		BFA147421D5330ED008DE524 /* OfflineDataHelper.h */ = {isa = PBXFileReference; fileEncoding = 4; lastKnownFileType = sourcecode.c.h; path = OfflineDataHelper.h; sourceTree = "<group>"; };
		BFA147431D5330ED008DE524 /* OfflineDataHelper.mm */ = {isa = PBXFileReference; fileEncoding = 4; lastKnownFileType = sourcecode.cpp.objcpp; path = OfflineDataHelper.mm; sourceTree = "<group>"; };
		BFA1474A1D533866008DE524 /* DHBSDKCategoryFetcer.h */ = {isa = PBXFileReference; fileEncoding = 4; lastKnownFileType = sourcecode.c.h; path = DHBSDKCategoryFetcer.h; sourceTree = "<group>"; };
		BFA1474B1D533866008DE524 /* DHBSDKCategoryFetcer.m */ = {isa = PBXFileReference; fileEncoding = 4; lastKnownFileType = sourcecode.c.objc; path = DHBSDKCategoryFetcer.m; sourceTree = "<group>"; };
		BFDBFB8D1D5D6A0800F4E527 /* YuloreApiManager.h */ = {isa = PBXFileReference; fileEncoding = 4; lastKnownFileType = sourcecode.c.h; path = YuloreApiManager.h; sourceTree = "<group>"; };
		BFDBFB8E1D5D6A0800F4E527 /* YuloreApiManager.m */ = {isa = PBXFileReference; fileEncoding = 4; lastKnownFileType = sourcecode.c.objc; name = YuloreApiManager.m; path = ../Public/YuloreApiManager.m; sourceTree = "<group>"; };
		BFDBFB901D5D74C900F4E527 /* DHBSDKResolveFecherNew.h */ = {isa = PBXFileReference; fileEncoding = 4; lastKnownFileType = sourcecode.c.h; name = DHBSDKResolveFecherNew.h; path = ../ResolveModule/DHBSDKResolveFecherNew.h; sourceTree = "<group>"; };
		BFDBFB911D5D74C900F4E527 /* DHBSDKResolveFecherNew.m */ = {isa = PBXFileReference; fileEncoding = 4; lastKnownFileType = sourcecode.c.objc; path = DHBSDKResolveFecherNew.m; sourceTree = "<group>"; };
		BFDBFB931D5D74FC00F4E527 /* DHBSDKSignatureHelper.h */ = {isa = PBXFileReference; fileEncoding = 4; lastKnownFileType = sourcecode.c.h; path = DHBSDKSignatureHelper.h; sourceTree = "<group>"; };
		BFDBFB941D5D74FC00F4E527 /* DHBSDKSignatureHelper.m */ = {isa = PBXFileReference; fileEncoding = 4; lastKnownFileType = sourcecode.c.objc; path = DHBSDKSignatureHelper.m; sourceTree = "<group>"; };
		BFDBFB961D5DAD6D00F4E527 /* DHBSDKMarkTeleHelper.h */ = {isa = PBXFileReference; fileEncoding = 4; lastKnownFileType = sourcecode.c.h; path = DHBSDKMarkTeleHelper.h; sourceTree = "<group>"; };
		BFDBFB971D5DAD6D00F4E527 /* DHBSDKMarkTeleHelper.m */ = {isa = PBXFileReference; fileEncoding = 4; lastKnownFileType = sourcecode.c.objc; path = DHBSDKMarkTeleHelper.m; sourceTree = "<group>"; };
		BFF1025B1D6356E400EF1DBF /* AFHTTPSessionManager.h */ = {isa = PBXFileReference; fileEncoding = 4; lastKnownFileType = sourcecode.c.h; path = AFHTTPSessionManager.h; sourceTree = "<group>"; };
		BFF1025C1D6356E400EF1DBF /* AFHTTPSessionManager.m */ = {isa = PBXFileReference; fileEncoding = 4; lastKnownFileType = sourcecode.c.objc; path = AFHTTPSessionManager.m; sourceTree = "<group>"; };
		BFF1025D1D6356E400EF1DBF /* AFNetworking.h */ = {isa = PBXFileReference; fileEncoding = 4; lastKnownFileType = sourcecode.c.h; path = AFNetworking.h; sourceTree = "<group>"; };
		BFF1025E1D6356E400EF1DBF /* AFNetworkReachabilityManager.h */ = {isa = PBXFileReference; fileEncoding = 4; lastKnownFileType = sourcecode.c.h; path = AFNetworkReachabilityManager.h; sourceTree = "<group>"; };
		BFF1025F1D6356E400EF1DBF /* AFNetworkReachabilityManager.m */ = {isa = PBXFileReference; fileEncoding = 4; lastKnownFileType = sourcecode.c.objc; path = AFNetworkReachabilityManager.m; sourceTree = "<group>"; };
		BFF102601D6356E400EF1DBF /* AFSecurityPolicy.h */ = {isa = PBXFileReference; fileEncoding = 4; lastKnownFileType = sourcecode.c.h; path = AFSecurityPolicy.h; sourceTree = "<group>"; };
		BFF102611D6356E400EF1DBF /* AFSecurityPolicy.m */ = {isa = PBXFileReference; fileEncoding = 4; lastKnownFileType = sourcecode.c.objc; path = AFSecurityPolicy.m; sourceTree = "<group>"; };
		BFF102621D6356E400EF1DBF /* AFURLRequestSerialization.h */ = {isa = PBXFileReference; fileEncoding = 4; lastKnownFileType = sourcecode.c.h; path = AFURLRequestSerialization.h; sourceTree = "<group>"; };
		BFF102631D6356E400EF1DBF /* AFURLRequestSerialization.m */ = {isa = PBXFileReference; fileEncoding = 4; lastKnownFileType = sourcecode.c.objc; path = AFURLRequestSerialization.m; sourceTree = "<group>"; };
		BFF102641D6356E400EF1DBF /* AFURLResponseSerialization.h */ = {isa = PBXFileReference; fileEncoding = 4; lastKnownFileType = sourcecode.c.h; path = AFURLResponseSerialization.h; sourceTree = "<group>"; };
		BFF102651D6356E400EF1DBF /* AFURLResponseSerialization.m */ = {isa = PBXFileReference; fileEncoding = 4; lastKnownFileType = sourcecode.c.objc; path = AFURLResponseSerialization.m; sourceTree = "<group>"; };
		BFF102661D6356E400EF1DBF /* AFURLSessionManager.h */ = {isa = PBXFileReference; fileEncoding = 4; lastKnownFileType = sourcecode.c.h; path = AFURLSessionManager.h; sourceTree = "<group>"; };
		BFF102671D6356E400EF1DBF /* AFURLSessionManager.m */ = {isa = PBXFileReference; fileEncoding = 4; lastKnownFileType = sourcecode.c.objc; path = AFURLSessionManager.m; sourceTree = "<group>"; };
		BFF102691D6356E400EF1DBF /* AFAutoPurgingImageCache.h */ = {isa = PBXFileReference; fileEncoding = 4; lastKnownFileType = sourcecode.c.h; path = AFAutoPurgingImageCache.h; sourceTree = "<group>"; };
		BFF1026A1D6356E400EF1DBF /* AFAutoPurgingImageCache.m */ = {isa = PBXFileReference; fileEncoding = 4; lastKnownFileType = sourcecode.c.objc; path = AFAutoPurgingImageCache.m; sourceTree = "<group>"; };
		BFF1026B1D6356E400EF1DBF /* AFImageDownloader.h */ = {isa = PBXFileReference; fileEncoding = 4; lastKnownFileType = sourcecode.c.h; path = AFImageDownloader.h; sourceTree = "<group>"; };
		BFF1026C1D6356E400EF1DBF /* AFImageDownloader.m */ = {isa = PBXFileReference; fileEncoding = 4; lastKnownFileType = sourcecode.c.objc; path = AFImageDownloader.m; sourceTree = "<group>"; };
		BFF1026D1D6356E400EF1DBF /* AFNetworkActivityIndicatorManager.h */ = {isa = PBXFileReference; fileEncoding = 4; lastKnownFileType = sourcecode.c.h; path = AFNetworkActivityIndicatorManager.h; sourceTree = "<group>"; };
		BFF1026E1D6356E400EF1DBF /* AFNetworkActivityIndicatorManager.m */ = {isa = PBXFileReference; fileEncoding = 4; lastKnownFileType = sourcecode.c.objc; path = AFNetworkActivityIndicatorManager.m; sourceTree = "<group>"; };
		BFF1026F1D6356E400EF1DBF /* UIActivityIndicatorView+AFNetworking.h */ = {isa = PBXFileReference; fileEncoding = 4; lastKnownFileType = sourcecode.c.h; path = "UIActivityIndicatorView+AFNetworking.h"; sourceTree = "<group>"; };
		BFF102701D6356E400EF1DBF /* UIActivityIndicatorView+AFNetworking.m */ = {isa = PBXFileReference; fileEncoding = 4; lastKnownFileType = sourcecode.c.objc; path = "UIActivityIndicatorView+AFNetworking.m"; sourceTree = "<group>"; };
		BFF102711D6356E400EF1DBF /* UIButton+AFNetworking.h */ = {isa = PBXFileReference; fileEncoding = 4; lastKnownFileType = sourcecode.c.h; path = "UIButton+AFNetworking.h"; sourceTree = "<group>"; };
		BFF102721D6356E400EF1DBF /* UIButton+AFNetworking.m */ = {isa = PBXFileReference; fileEncoding = 4; lastKnownFileType = sourcecode.c.objc; path = "UIButton+AFNetworking.m"; sourceTree = "<group>"; };
		BFF102731D6356E400EF1DBF /* UIImage+AFNetworking.h */ = {isa = PBXFileReference; fileEncoding = 4; lastKnownFileType = sourcecode.c.h; path = "UIImage+AFNetworking.h"; sourceTree = "<group>"; };
		BFF102741D6356E400EF1DBF /* UIImageView+AFNetworking.h */ = {isa = PBXFileReference; fileEncoding = 4; lastKnownFileType = sourcecode.c.h; path = "UIImageView+AFNetworking.h"; sourceTree = "<group>"; };
		BFF102751D6356E400EF1DBF /* UIImageView+AFNetworking.m */ = {isa = PBXFileReference; fileEncoding = 4; lastKnownFileType = sourcecode.c.objc; path = "UIImageView+AFNetworking.m"; sourceTree = "<group>"; };
		BFF102761D6356E400EF1DBF /* UIKit+AFNetworking.h */ = {isa = PBXFileReference; fileEncoding = 4; lastKnownFileType = sourcecode.c.h; path = "UIKit+AFNetworking.h"; sourceTree = "<group>"; };
		BFF102771D6356E400EF1DBF /* UIProgressView+AFNetworking.h */ = {isa = PBXFileReference; fileEncoding = 4; lastKnownFileType = sourcecode.c.h; path = "UIProgressView+AFNetworking.h"; sourceTree = "<group>"; };
		BFF102781D6356E400EF1DBF /* UIProgressView+AFNetworking.m */ = {isa = PBXFileReference; fileEncoding = 4; lastKnownFileType = sourcecode.c.objc; path = "UIProgressView+AFNetworking.m"; sourceTree = "<group>"; };
		BFF102791D6356E400EF1DBF /* UIRefreshControl+AFNetworking.h */ = {isa = PBXFileReference; fileEncoding = 4; lastKnownFileType = sourcecode.c.h; path = "UIRefreshControl+AFNetworking.h"; sourceTree = "<group>"; };
		BFF1027A1D6356E400EF1DBF /* UIRefreshControl+AFNetworking.m */ = {isa = PBXFileReference; fileEncoding = 4; lastKnownFileType = sourcecode.c.objc; path = "UIRefreshControl+AFNetworking.m"; sourceTree = "<group>"; };
		BFF1027B1D6356E400EF1DBF /* UIWebView+AFNetworking.h */ = {isa = PBXFileReference; fileEncoding = 4; lastKnownFileType = sourcecode.c.h; path = "UIWebView+AFNetworking.h"; sourceTree = "<group>"; };
		BFF1027C1D6356E400EF1DBF /* UIWebView+AFNetworking.m */ = {isa = PBXFileReference; fileEncoding = 4; lastKnownFileType = sourcecode.c.objc; path = "UIWebView+AFNetworking.m"; sourceTree = "<group>"; };
/* End PBXFileReference section */

/* Begin PBXFrameworksBuildPhase section */
		BFA146171D53222D008DE524 /* Frameworks */ = {
			isa = PBXFrameworksBuildPhase;
			buildActionMask = 2147483647;
			files = (
				BF526BF81D5474F100E11FD1 /* libbz2.tbd in Frameworks */,
				BF526BF61D5474E700E11FD1 /* libc++.tbd in Frameworks */,
				BF526BF41D5474DE00E11FD1 /* libsqlite3.tbd in Frameworks */,
				BF526BEA1D54614200E11FD1 /* libz.tbd in Frameworks */,
			);
			runOnlyForDeploymentPostprocessing = 0;
		};
/* End PBXFrameworksBuildPhase section */

/* Begin PBXGroup section */
		BF34061A1D62F777002CFEE6 /* Utils */ = {
			isa = PBXGroup;
			children = (
				BFA146DB1D532B8F008DE524 /* DHBErrorHelper.m */,
				BF34061C1D62F8CB002CFEE6 /* DHBSDKNetworkManager.h */,
				BF34061D1D62F8CB002CFEE6 /* DHBSDKNetworkManager.m */,
			);
			path = Utils;
			sourceTree = "<group>";
		};
		BF526B961D53808000E11FD1 /* Reachability */ = {
			isa = PBXGroup;
			children = (
				BF526B971D53808000E11FD1 /* LICENCE.txt */,
				BF526B981D53808000E11FD1 /* Reachability.h */,
				BF526B991D53808000E11FD1 /* Reachability.m */,
				BF526B9A1D53808000E11FD1 /* README.md */,
			);
			path = Reachability;
			sourceTree = "<group>";
		};
		BF526BA11D5381FC00E11FD1 /* ResolveModule */ = {
			isa = PBXGroup;
			children = (
				BFDBFB931D5D74FC00F4E527 /* DHBSDKSignatureHelper.h */,
				BFDBFB941D5D74FC00F4E527 /* DHBSDKSignatureHelper.m */,
				BFDBFB911D5D74C900F4E527 /* DHBSDKResolveFecherNew.m */,
				BF526BA31D53820600E11FD1 /* DHBSDKResolveItemNew.m */,
				BFDBFB961D5DAD6D00F4E527 /* DHBSDKMarkTeleHelper.h */,
				BFDBFB971D5DAD6D00F4E527 /* DHBSDKMarkTeleHelper.m */,
			);
			path = ResolveModule;
			sourceTree = "<group>";
		};
		BF526BE81D54614200E11FD1 /* Frameworks */ = {
			isa = PBXGroup;
			children = (
				BF7E81011D61CC1100732469 /* UIKit.framework */,
				BF526BF71D5474F100E11FD1 /* libbz2.tbd */,
				BF526BF51D5474E700E11FD1 /* libc++.tbd */,
				BF526BF31D5474DE00E11FD1 /* libsqlite3.tbd */,
				BF526BE91D54614200E11FD1 /* libz.tbd */,
			);
			name = Frameworks;
			sourceTree = "<group>";
		};
		BF526BF91D54762D00E11FD1 /* minizip */ = {
			isa = PBXGroup;
			children = (
				BF526BFA1D54762D00E11FD1 /* dhbsdkcrypt.h */,
				BF526BFB1D54762D00E11FD1 /* dhbsdkioapi.c */,
				BF526BFC1D54762D00E11FD1 /* dhbsdkioapi.h */,
				BF526BFD1D54762D00E11FD1 /* dhbsdkmztools.c */,
				BF526BFE1D54762D00E11FD1 /* dhbsdkmztools.h */,
				BF526BFF1D54762D00E11FD1 /* dhbsdkunzip.c */,
				BF526C001D54762D00E11FD1 /* dhbsdkunzip.h */,
				BF526C011D54762D00E11FD1 /* DHBSDKYuloreZipArchive.h */,
				BF526C021D54762D00E11FD1 /* DHBSDKYuloreZipArchive.m */,
				BF526C031D54762D00E11FD1 /* dhbsdkzip.c */,
				BF526C041D54762D00E11FD1 /* dhbsdkzip.h */,
			);
			path = minizip;
			sourceTree = "<group>";
		};
		BF5307E21D5AC7AA000901F9 /* Resources */ = {
			isa = PBXGroup;
			children = (
				BF5307E31D5AC7AA000901F9 /* 0_mtyF_full.zip */,
				BF5307E41D5AC7AA000901F9 /* service_icon.zip */,
			);
			path = Resources;
			sourceTree = "<group>";
		};
		BFA146111D53222D008DE524 = {
			isa = PBXGroup;
			children = (
				BFA1461C1D53222D008DE524 /* DHBDemo */,
				BFA1461B1D53222D008DE524 /* Products */,
				BF526BE81D54614200E11FD1 /* Frameworks */,
			);
			sourceTree = "<group>";
		};
		BFA1461B1D53222D008DE524 /* Products */ = {
			isa = PBXGroup;
			children = (
				BFA1461A1D53222D008DE524 /* DHBDemo.app */,
			);
			name = Products;
			sourceTree = "<group>";
		};
		BFA1461C1D53222D008DE524 /* DHBDemo */ = {
			isa = PBXGroup;
			children = (
				BFA146341D53224E008DE524 /* DHBSource */,
				BFA146201D53222D008DE524 /* AppDelegate.h */,
				BFA146211D53222D008DE524 /* AppDelegate.m */,
				BFA146231D53222D008DE524 /* ViewController.h */,
				BFA146241D53222D008DE524 /* ViewController.m */,
				BFA146261D53222D008DE524 /* Main.storyboard */,
				BFA146291D53222D008DE524 /* Assets.xcassets */,
				BFA1462B1D53222D008DE524 /* LaunchScreen.storyboard */,
				BFA1462E1D53222D008DE524 /* Info.plist */,
				BFA1461D1D53222D008DE524 /* Supporting Files */,
			);
			path = DHBDemo;
			sourceTree = "<group>";
		};
		BFA1461D1D53222D008DE524 /* Supporting Files */ = {
			isa = PBXGroup;
			children = (
				BFA1461E1D53222D008DE524 /* main.m */,
			);
			name = "Supporting Files";
			sourceTree = "<group>";
		};
		BFA146341D53224E008DE524 /* DHBSource */ = {
			isa = PBXGroup;
			children = (
				BF526BA11D5381FC00E11FD1 /* ResolveModule */,
				BFA147121D532F23008DE524 /* PublicHeader */,
				BFA146471D5323DE008DE524 /* DownloadModule */,
				BF34061A1D62F777002CFEE6 /* Utils */,
				BF5307E21D5AC7AA000901F9 /* Resources */,
				BFA147041D532E56008DE524 /* Model */,
				BFA146391D53232E008DE524 /* Vender */,
				BFA146351D532328008DE524 /* Category */,
			);
			path = DHBSource;
			sourceTree = "<group>";
		};
		BFA146351D532328008DE524 /* Category */ = {
			isa = PBXGroup;
			children = (
				BFA146631D5324F5008DE524 /* NSString+DHBSDKMD5Check.h */,
				BFA146641D5324F5008DE524 /* NSString+DHBSDKMD5Check.m */,
				BFA146E01D532BBE008DE524 /* NSDictionary+DHBSDKSignature.h */,
				BFA146E11D532BBE008DE524 /* NSDictionary+DHBSDKSignature.m */,
				BFA1473F1D5330B0008DE524 /* NSDictionary+DHBSDKOffset.h */,
				BFA147401D5330B0008DE524 /* NSDictionary+DHBSDKOffset.m */,
				BFA1471C1D533022008DE524 /* NSString+DHBSDKCrypto.h */,
				BFA1471D1D533022008DE524 /* NSString+DHBSDKCrypto.m */,
				BFA146361D532328008DE524 /* NSString+DHBSDKYuloreFilePath.h */,
				BFA146371D532328008DE524 /* NSString+DHBSDKYuloreFilePath.m */,
			);
			path = Category;
			sourceTree = "<group>";
		};
		BFA146391D53232E008DE524 /* Vender */ = {
			isa = PBXGroup;
			children = (
				BFF1025A1D6356E400EF1DBF /* AFNetworking */,
				BFF102681D6356E400EF1DBF /* UIKit+AFNetworking */,
				BF526BF91D54762D00E11FD1 /* minizip */,
				BF526B961D53808000E11FD1 /* Reachability */,
				BFA146571D532488008DE524 /* OpenUDID */,
			);
			path = Vender;
			sourceTree = "<group>";
		};
		BFA146471D5323DE008DE524 /* DownloadModule */ = {
			isa = PBXGroup;
			children = (
				BF3406151D62F6E2002CFEE6 /* DHBSDKListFetcer.h */,
				BF3406161D62F6E2002CFEE6 /* DHBSDKListFetcer.m */,
				BFA146661D53254E008DE524 /* BSPatch */,
				BFDBFB8E1D5D6A0800F4E527 /* YuloreApiManager.m */,
				BFA147131D532F35008DE524 /* CommonTmp.h */,
				BF526BEE1D546EEC00E11FD1 /* Commondef.h */,
				BFA146F81D532D1C008DE524 /* DHBSDKPromotionItem.h */,
				BFA146F91D532D1C008DE524 /* DHBSDKPromotionItem.m */,
				BFA146F51D532D0A008DE524 /* DHBSDKNearbyItem.h */,
				BFA146F61D532D0A008DE524 /* DHBSDKNearbyItem.m */,
				BFA146F21D532CF2008DE524 /* DHBSDKServicesItem.h */,
				BFA146F31D532CF2008DE524 /* DHBSDKServicesItem.m */,
				BFA146E61D532C16008DE524 /* DHBSDKYP_ASIDataDecompressor.h */,
				BFA146E71D532C16008DE524 /* DHBSDKYP_ASIDataDecompressor.m */,
				BFA146E31D532BD9008DE524 /* DHBSDKResolveDataFile.h */,
				BFA146E41D532BD9008DE524 /* DHBSDKResolveDataFile.m */,
				BFA146DD1D532BA4008DE524 /* DHBSDKDHBFileOperation.h */,
				BFA146DE1D532BA4008DE524 /* DHBSDKDHBFileOperation.m */,
				BFA146C41D53274C008DE524 /* DHBEnvironmentValidate.h */,
				BFA146C51D53274C008DE524 /* DHBEnvironmentValidate.m */,
				BFA146601D5324DE008DE524 /* FileHash.h */,
				BFA146611D5324DE008DE524 /* FileHash.m */,
				BFA1465D1D5324BB008DE524 /* DHBHTTPSessionManager.h */,
				BFA1465E1D5324BB008DE524 /* DHBHTTPSessionManager.m */,
				BFA146481D5323DE008DE524 /* DHBCovertIndexContent.h */,
				BFA146491D5323DE008DE524 /* DHBCovertIndexContent.m */,
				BFA1464A1D5323DE008DE524 /* DHBDataFetcher.h */,
				BFA1464B1D5323DE008DE524 /* DHBDataFetcher.m */,
				BFA1464C1D5323DE008DE524 /* DHBDownloadFetcher.h */,
				BFA1464D1D5323DE008DE524 /* DHBDownloadFetcher.m */,
				BFA146EC1D532CCE008DE524 /* DHBSDKCategoryItem.h */,
				BFA146ED1D532CCE008DE524 /* DHBSDKCategoryItem.m */,
				BFA1464E1D5323DE008DE524 /* DHBSDKUpdateItem.h */,
				BFA1464F1D5323DE008DE524 /* DHBSDKUpdateItem.m */,
			);
			name = DownloadModule;
			path = CallerIDModule;
			sourceTree = "<group>";
		};
		BFA146571D532488008DE524 /* OpenUDID */ = {
			isa = PBXGroup;
			children = (
				BFA146581D532488008DE524 /* DHBSDKOpenUDID.h */,
				BFA146591D532488008DE524 /* DHBSDKOpenUDID.m */,
			);
			path = OpenUDID;
			sourceTree = "<group>";
		};
		BFA146661D53254E008DE524 /* BSPatch */ = {
			isa = PBXGroup;
			children = (
				BFA146671D532554008DE524 /* DHBSDKbspatch.c */,
				BFA146681D532554008DE524 /* DHBSDKbspatch.h */,
				BFA146691D532554008DE524 /* DHBSDKbspatchOC.h */,
				BFA1466A1D532554008DE524 /* DHBSDKbspatchOC.m */,
			);
			path = BSPatch;
			sourceTree = "<group>";
		};
		BFA147041D532E56008DE524 /* Model */ = {
			isa = PBXGroup;
			children = (
				BF526BF01D5471A900E11FD1 /* DHBSDKTuanGouItem.h */,
				BF526BF11D5471A900E11FD1 /* DHBSDKTuanGouItem.m */,
				BF526BA81D53834700E11FD1 /* DHBSDKYuloreAPIClient.h */,
				BF526BA91D53834700E11FD1 /* DHBSDKYuloreAPIClient.m */,
				BF526B9E1D53811600E11FD1 /* DHBSDKStartLoadingService.h */,
				BF526B9F1D53811600E11FD1 /* DHBSDKStartLoadingService.m */,
				BFA1474A1D533866008DE524 /* DHBSDKCategoryFetcer.h */,
				BFA1474B1D533866008DE524 /* DHBSDKCategoryFetcer.m */,
				BFA147421D5330ED008DE524 /* OfflineDataHelper.h */,
				BFA147431D5330ED008DE524 /* OfflineDataHelper.mm */,
				BFA147161D532FDA008DE524 /* DHBSDKCustomItem.h */,
				BFA147171D532FDA008DE524 /* DHBSDKCustomItem.m */,
				BFA1470F1D532ED3008DE524 /* DHBSDKTeleNumber.h */,
				BFA147101D532ED3008DE524 /* DHBSDKTeleNumber.m */,
				BFA1470C1D532EC0008DE524 /* DHBSDKAPIDotDianHuaDotCNClient.h */,
				BFA1470D1D532EC0008DE524 /* DHBSDKAPIDotDianHuaDotCNClient.m */,
				BFA147051D532E5D008DE524 /* DHBSDKShopItem.h */,
				BFA147061D532E5D008DE524 /* DHBSDKShopItem.m */,
			);
			path = Model;
			sourceTree = "<group>";
		};
		BFA147121D532F23008DE524 /* PublicHeader */ = {
			isa = PBXGroup;
			children = (
				BFDBFB901D5D74C900F4E527 /* DHBSDKResolveFecherNew.h */,
				BFA146DA1D532B8F008DE524 /* DHBErrorHelper.h */,
				BF526BA21D53820600E11FD1 /* DHBSDKResolveItemNew.h */,
				BFDBFB8D1D5D6A0800F4E527 /* YuloreApiManager.h */,
				BF3406211D630648002CFEE6 /* DHBSDKCommonType.h */,
			);
			name = PublicHeader;
			path = Public;
			sourceTree = "<group>";
		};
		BFF1025A1D6356E400EF1DBF /* AFNetworking */ = {
			isa = PBXGroup;
			children = (
				BFF1025B1D6356E400EF1DBF /* AFHTTPSessionManager.h */,
				BFF1025C1D6356E400EF1DBF /* AFHTTPSessionManager.m */,
				BFF1025D1D6356E400EF1DBF /* AFNetworking.h */,
				BFF1025E1D6356E400EF1DBF /* AFNetworkReachabilityManager.h */,
				BFF1025F1D6356E400EF1DBF /* AFNetworkReachabilityManager.m */,
				BFF102601D6356E400EF1DBF /* AFSecurityPolicy.h */,
				BFF102611D6356E400EF1DBF /* AFSecurityPolicy.m */,
				BFF102621D6356E400EF1DBF /* AFURLRequestSerialization.h */,
				BFF102631D6356E400EF1DBF /* AFURLRequestSerialization.m */,
				BFF102641D6356E400EF1DBF /* AFURLResponseSerialization.h */,
				BFF102651D6356E400EF1DBF /* AFURLResponseSerialization.m */,
				BFF102661D6356E400EF1DBF /* AFURLSessionManager.h */,
				BFF102671D6356E400EF1DBF /* AFURLSessionManager.m */,
			);
			path = AFNetworking;
			sourceTree = "<group>";
		};
		BFF102681D6356E400EF1DBF /* UIKit+AFNetworking */ = {
			isa = PBXGroup;
			children = (
				BFF102691D6356E400EF1DBF /* AFAutoPurgingImageCache.h */,
				BFF1026A1D6356E400EF1DBF /* AFAutoPurgingImageCache.m */,
				BFF1026B1D6356E400EF1DBF /* AFImageDownloader.h */,
				BFF1026C1D6356E400EF1DBF /* AFImageDownloader.m */,
				BFF1026D1D6356E400EF1DBF /* AFNetworkActivityIndicatorManager.h */,
				BFF1026E1D6356E400EF1DBF /* AFNetworkActivityIndicatorManager.m */,
				BFF1026F1D6356E400EF1DBF /* UIActivityIndicatorView+AFNetworking.h */,
				BFF102701D6356E400EF1DBF /* UIActivityIndicatorView+AFNetworking.m */,
				BFF102711D6356E400EF1DBF /* UIButton+AFNetworking.h */,
				BFF102721D6356E400EF1DBF /* UIButton+AFNetworking.m */,
				BFF102731D6356E400EF1DBF /* UIImage+AFNetworking.h */,
				BFF102741D6356E400EF1DBF /* UIImageView+AFNetworking.h */,
				BFF102751D6356E400EF1DBF /* UIImageView+AFNetworking.m */,
				BFF102761D6356E400EF1DBF /* UIKit+AFNetworking.h */,
				BFF102771D6356E400EF1DBF /* UIProgressView+AFNetworking.h */,
				BFF102781D6356E400EF1DBF /* UIProgressView+AFNetworking.m */,
				BFF102791D6356E400EF1DBF /* UIRefreshControl+AFNetworking.h */,
				BFF1027A1D6356E400EF1DBF /* UIRefreshControl+AFNetworking.m */,
				BFF1027B1D6356E400EF1DBF /* UIWebView+AFNetworking.h */,
				BFF1027C1D6356E400EF1DBF /* UIWebView+AFNetworking.m */,
			);
			path = "UIKit+AFNetworking";
			sourceTree = "<group>";
		};
/* End PBXGroup section */

/* Begin PBXNativeTarget section */
		BFA146191D53222D008DE524 /* DHBDemo */ = {
			isa = PBXNativeTarget;
			buildConfigurationList = BFA146311D53222D008DE524 /* Build configuration list for PBXNativeTarget "DHBDemo" */;
			buildPhases = (
				BFA146161D53222D008DE524 /* Sources */,
				BFA146171D53222D008DE524 /* Frameworks */,
				BFA146181D53222D008DE524 /* Resources */,
			);
			buildRules = (
			);
			dependencies = (
			);
			name = DHBDemo;
			productName = DHBDemo;
			productReference = BFA1461A1D53222D008DE524 /* DHBDemo.app */;
			productType = "com.apple.product-type.application";
		};
/* End PBXNativeTarget section */

/* Begin PBXProject section */
		BFA146121D53222D008DE524 /* Project object */ = {
			isa = PBXProject;
			attributes = {
				LastUpgradeCheck = 0800;
				ORGANIZATIONNAME = "蒋兵兵";
				TargetAttributes = {
					BFA146191D53222D008DE524 = {
						CreatedOnToolsVersion = 8.0;
						DevelopmentTeam = B66KMZ39N5;
						ProvisioningStyle = Automatic;
					};
				};
			};
			buildConfigurationList = BFA146151D53222D008DE524 /* Build configuration list for PBXProject "DHBDemo" */;
			compatibilityVersion = "Xcode 3.2";
			developmentRegion = English;
			hasScannedForEncodings = 0;
			knownRegions = (
				en,
				Base,
			);
			mainGroup = BFA146111D53222D008DE524;
			productRefGroup = BFA1461B1D53222D008DE524 /* Products */;
			projectDirPath = "";
			projectRoot = "";
			targets = (
				BFA146191D53222D008DE524 /* DHBDemo */,
			);
		};
/* End PBXProject section */

/* Begin PBXResourcesBuildPhase section */
		BFA146181D53222D008DE524 /* Resources */ = {
			isa = PBXResourcesBuildPhase;
			buildActionMask = 2147483647;
			files = (
				BF526B9B1D53808000E11FD1 /* LICENCE.txt in Resources */,
				BF5307E61D5AC7AA000901F9 /* service_icon.zip in Resources */,
				BFA1462D1D53222D008DE524 /* LaunchScreen.storyboard in Resources */,
				BFA1462A1D53222D008DE524 /* Assets.xcassets in Resources */,
				BF5307E51D5AC7AA000901F9 /* 0_mtyF_full.zip in Resources */,
				BFA146281D53222D008DE524 /* Main.storyboard in Resources */,
			);
			runOnlyForDeploymentPostprocessing = 0;
		};
/* End PBXResourcesBuildPhase section */

/* Begin PBXSourcesBuildPhase section */
		BFA146161D53222D008DE524 /* Sources */ = {
			isa = PBXSourcesBuildPhase;
			buildActionMask = 2147483647;
			files = (
				BF526C071D54762D00E11FD1 /* dhbsdkunzip.c in Sources */,
				BF526C081D54762D00E11FD1 /* DHBSDKYuloreZipArchive.m in Sources */,
				BF526BA41D53820600E11FD1 /* DHBSDKResolveItemNew.m in Sources */,
				BFA146E51D532BD9008DE524 /* DHBSDKResolveDataFile.m in Sources */,
				BFF102811D6356E400EF1DBF /* AFURLResponseSerialization.m in Sources */,
				BF526C051D54762D00E11FD1 /* dhbsdkioapi.c in Sources */,
				BFF102861D6356E400EF1DBF /* UIActivityIndicatorView+AFNetworking.m in Sources */,
				BFDBFB981D5DAD6D00F4E527 /* DHBSDKMarkTeleHelper.m in Sources */,
				BFA146E21D532BBE008DE524 /* NSDictionary+DHBSDKSignature.m in Sources */,
				BFA146F41D532CF2008DE524 /* DHBSDKServicesItem.m in Sources */,
				BFF102841D6356E400EF1DBF /* AFImageDownloader.m in Sources */,
				BFF102831D6356E400EF1DBF /* AFAutoPurgingImageCache.m in Sources */,
				BF34061E1D62F8CB002CFEE6 /* DHBSDKNetworkManager.m in Sources */,
				BFA146521D5323DE008DE524 /* DHBDownloadFetcher.m in Sources */,
				BFA146E81D532C16008DE524 /* DHBSDKYP_ASIDataDecompressor.m in Sources */,
				BFA1470E1D532EC0008DE524 /* DHBSDKAPIDotDianHuaDotCNClient.m in Sources */,
				BFA146621D5324DE008DE524 /* FileHash.m in Sources */,
				BF526C061D54762D00E11FD1 /* dhbsdkmztools.c in Sources */,
				BFF1027E1D6356E400EF1DBF /* AFNetworkReachabilityManager.m in Sources */,
				BFA146F71D532D0A008DE524 /* DHBSDKNearbyItem.m in Sources */,
				BFF102821D6356E400EF1DBF /* AFURLSessionManager.m in Sources */,
				BFF1027D1D6356E400EF1DBF /* AFHTTPSessionManager.m in Sources */,
				BFDBFB951D5D74FC00F4E527 /* DHBSDKSignatureHelper.m in Sources */,
				BFA146FA1D532D1C008DE524 /* DHBSDKPromotionItem.m in Sources */,
				BFA147071D532E5D008DE524 /* DHBSDKShopItem.m in Sources */,
				BF526C091D54762D00E11FD1 /* dhbsdkzip.c in Sources */,
				BFA1471E1D533022008DE524 /* NSString+DHBSDKCrypto.m in Sources */,
				BFA146511D5323DE008DE524 /* DHBDataFetcher.m in Sources */,
				BF526BA01D53811600E11FD1 /* DHBSDKStartLoadingService.m in Sources */,
				BFDBFB921D5D74C900F4E527 /* DHBSDKResolveFecherNew.m in Sources */,
				BFF1027F1D6356E400EF1DBF /* AFSecurityPolicy.m in Sources */,
				BFF102881D6356E400EF1DBF /* UIImageView+AFNetworking.m in Sources */,
				BFA1474C1D533866008DE524 /* DHBSDKCategoryFetcer.m in Sources */,
				BFF102801D6356E400EF1DBF /* AFURLRequestSerialization.m in Sources */,
				BFF1028A1D6356E400EF1DBF /* UIRefreshControl+AFNetworking.m in Sources */,
				BF526BAA1D53834700E11FD1 /* DHBSDKYuloreAPIClient.m in Sources */,
				BFA146531D5323DE008DE524 /* DHBSDKUpdateItem.m in Sources */,
				BFA146DF1D532BA4008DE524 /* DHBSDKDHBFileOperation.m in Sources */,
				BFA1465F1D5324BB008DE524 /* DHBHTTPSessionManager.m in Sources */,
				BF526BF21D5471A900E11FD1 /* DHBSDKTuanGouItem.m in Sources */,
				BFA1466B1D532554008DE524 /* DHBSDKbspatch.c in Sources */,
				BFA146501D5323DE008DE524 /* DHBCovertIndexContent.m in Sources */,
				BFA147111D532ED3008DE524 /* DHBSDKTeleNumber.m in Sources */,
				BFDBFB8F1D5D6A0800F4E527 /* YuloreApiManager.m in Sources */,
				BFA146381D532328008DE524 /* NSString+DHBSDKYuloreFilePath.m in Sources */,
				BFA147441D5330ED008DE524 /* OfflineDataHelper.mm in Sources */,
				BF526B9D1D53808000E11FD1 /* README.md in Sources */,
				BFF1028B1D6356E400EF1DBF /* UIWebView+AFNetworking.m in Sources */,
				BFA146251D53222D008DE524 /* ViewController.m in Sources */,
				BFF102851D6356E400EF1DBF /* AFNetworkActivityIndicatorManager.m in Sources */,
				BFA146221D53222D008DE524 /* AppDelegate.m in Sources */,
				BFF102891D6356E400EF1DBF /* UIProgressView+AFNetworking.m in Sources */,
				BFF102871D6356E400EF1DBF /* UIButton+AFNetworking.m in Sources */,
				BFA146C61D53274C008DE524 /* DHBEnvironmentValidate.m in Sources */,
				BFA1461F1D53222D008DE524 /* main.m in Sources */,
				BFA1465B1D532488008DE524 /* DHBSDKOpenUDID.m in Sources */,
				BFA1466C1D532554008DE524 /* DHBSDKbspatchOC.m in Sources */,
				BFA147411D5330B0008DE524 /* NSDictionary+DHBSDKOffset.m in Sources */,
				BFA146EE1D532CCE008DE524 /* DHBSDKCategoryItem.m in Sources */,
				BFA147181D532FDA008DE524 /* DHBSDKCustomItem.m in Sources */,
				BFA146651D5324F5008DE524 /* NSString+DHBSDKMD5Check.m in Sources */,
				BF526B9C1D53808000E11FD1 /* Reachability.m in Sources */,
				BFA146DC1D532B8F008DE524 /* DHBErrorHelper.m in Sources */,
				BF3406171D62F6E2002CFEE6 /* DHBSDKListFetcer.m in Sources */,
			);
			runOnlyForDeploymentPostprocessing = 0;
		};
/* End PBXSourcesBuildPhase section */

/* Begin PBXVariantGroup section */
		BFA146261D53222D008DE524 /* Main.storyboard */ = {
			isa = PBXVariantGroup;
			children = (
				BFA146271D53222D008DE524 /* Base */,
			);
			name = Main.storyboard;
			sourceTree = "<group>";
		};
		BFA1462B1D53222D008DE524 /* LaunchScreen.storyboard */ = {
			isa = PBXVariantGroup;
			children = (
				BFA1462C1D53222D008DE524 /* Base */,
			);
			name = LaunchScreen.storyboard;
			sourceTree = "<group>";
		};
/* End PBXVariantGroup section */

/* Begin XCBuildConfiguration section */
		BFA1462F1D53222D008DE524 /* Debug */ = {
			isa = XCBuildConfiguration;
			buildSettings = {
				ALWAYS_SEARCH_USER_PATHS = NO;
				CLANG_ANALYZER_NONNULL = YES;
				CLANG_CXX_LANGUAGE_STANDARD = "gnu++0x";
				CLANG_CXX_LIBRARY = "libc++";
				CLANG_ENABLE_MODULES = YES;
				CLANG_ENABLE_OBJC_ARC = YES;
				CLANG_WARN_BOOL_CONVERSION = YES;
				CLANG_WARN_CONSTANT_CONVERSION = YES;
				CLANG_WARN_DIRECT_OBJC_ISA_USAGE = YES_ERROR;
				CLANG_WARN_DOCUMENTATION_COMMENTS = YES;
				CLANG_WARN_EMPTY_BODY = YES;
				CLANG_WARN_ENUM_CONVERSION = YES;
				CLANG_WARN_INFINITE_RECURSION = YES;
				CLANG_WARN_INT_CONVERSION = YES;
				CLANG_WARN_OBJC_ROOT_CLASS = YES_ERROR;
				CLANG_WARN_SUSPICIOUS_MOVES = YES;
				CLANG_WARN_UNREACHABLE_CODE = YES;
				CLANG_WARN__DUPLICATE_METHOD_MATCH = YES;
				"CODE_SIGN_IDENTITY[sdk=iphoneos*]" = "iPhone Developer";
				COPY_PHASE_STRIP = NO;
				DEBUG_INFORMATION_FORMAT = dwarf;
				ENABLE_STRICT_OBJC_MSGSEND = YES;
				ENABLE_TESTABILITY = YES;
				GCC_C_LANGUAGE_STANDARD = gnu99;
				GCC_DYNAMIC_NO_PIC = NO;
				GCC_NO_COMMON_BLOCKS = YES;
				GCC_OPTIMIZATION_LEVEL = 0;
				GCC_PREPROCESSOR_DEFINITIONS = (
					"DEBUG=1",
					"$(inherited)",
				);
				GCC_WARN_64_TO_32_BIT_CONVERSION = YES;
				GCC_WARN_ABOUT_RETURN_TYPE = YES_ERROR;
				GCC_WARN_UNDECLARED_SELECTOR = YES;
				GCC_WARN_UNINITIALIZED_AUTOS = YES_AGGRESSIVE;
				GCC_WARN_UNUSED_FUNCTION = YES;
				GCC_WARN_UNUSED_VARIABLE = YES;
				IPHONEOS_DEPLOYMENT_TARGET = 10.0;
				MTL_ENABLE_DEBUG_INFO = YES;
				ONLY_ACTIVE_ARCH = YES;
				SDKROOT = iphoneos;
				TARGETED_DEVICE_FAMILY = "1,2";
			};
			name = Debug;
		};
		BFA146301D53222D008DE524 /* Release */ = {
			isa = XCBuildConfiguration;
			buildSettings = {
				ALWAYS_SEARCH_USER_PATHS = NO;
				CLANG_ANALYZER_NONNULL = YES;
				CLANG_CXX_LANGUAGE_STANDARD = "gnu++0x";
				CLANG_CXX_LIBRARY = "libc++";
				CLANG_ENABLE_MODULES = YES;
				CLANG_ENABLE_OBJC_ARC = YES;
				CLANG_WARN_BOOL_CONVERSION = YES;
				CLANG_WARN_CONSTANT_CONVERSION = YES;
				CLANG_WARN_DIRECT_OBJC_ISA_USAGE = YES_ERROR;
				CLANG_WARN_DOCUMENTATION_COMMENTS = YES;
				CLANG_WARN_EMPTY_BODY = YES;
				CLANG_WARN_ENUM_CONVERSION = YES;
				CLANG_WARN_INFINITE_RECURSION = YES;
				CLANG_WARN_INT_CONVERSION = YES;
				CLANG_WARN_OBJC_ROOT_CLASS = YES_ERROR;
				CLANG_WARN_SUSPICIOUS_MOVES = YES;
				CLANG_WARN_UNREACHABLE_CODE = YES;
				CLANG_WARN__DUPLICATE_METHOD_MATCH = YES;
				"CODE_SIGN_IDENTITY[sdk=iphoneos*]" = "iPhone Developer";
				COPY_PHASE_STRIP = NO;
				DEBUG_INFORMATION_FORMAT = "dwarf-with-dsym";
				ENABLE_NS_ASSERTIONS = NO;
				ENABLE_STRICT_OBJC_MSGSEND = YES;
				GCC_C_LANGUAGE_STANDARD = gnu99;
				GCC_NO_COMMON_BLOCKS = YES;
				GCC_WARN_64_TO_32_BIT_CONVERSION = YES;
				GCC_WARN_ABOUT_RETURN_TYPE = YES_ERROR;
				GCC_WARN_UNDECLARED_SELECTOR = YES;
				GCC_WARN_UNINITIALIZED_AUTOS = YES_AGGRESSIVE;
				GCC_WARN_UNUSED_FUNCTION = YES;
				GCC_WARN_UNUSED_VARIABLE = YES;
				IPHONEOS_DEPLOYMENT_TARGET = 10.0;
				MTL_ENABLE_DEBUG_INFO = NO;
				SDKROOT = iphoneos;
				TARGETED_DEVICE_FAMILY = "1,2";
				VALIDATE_PRODUCT = YES;
			};
			name = Release;
		};
		BFA146321D53222D008DE524 /* Debug */ = {
			isa = XCBuildConfiguration;
			buildSettings = {
				ASSETCATALOG_COMPILER_APPICON_NAME = AppIcon;
				DEVELOPMENT_TEAM = B66KMZ39N5;
				ENABLE_BITCODE = NO;
				GCC_INPUT_FILETYPE = automatic;
				INFOPLIST_FILE = DHBDemo/Info.plist;
				IPHONEOS_DEPLOYMENT_TARGET = 7.0;
				LD_RUNPATH_SEARCH_PATHS = "$(inherited) @executable_path/Frameworks";
				PRODUCT_BUNDLE_IDENTIFIER = com.yulore.DHBDemo;
				PRODUCT_NAME = "$(TARGET_NAME)";
			};
			name = Debug;
		};
		BFA146331D53222D008DE524 /* Release */ = {
			isa = XCBuildConfiguration;
			buildSettings = {
				ASSETCATALOG_COMPILER_APPICON_NAME = AppIcon;
				DEVELOPMENT_TEAM = B66KMZ39N5;
				ENABLE_BITCODE = NO;
				GCC_INPUT_FILETYPE = automatic;
				INFOPLIST_FILE = DHBDemo/Info.plist;
				IPHONEOS_DEPLOYMENT_TARGET = 7.0;
				LD_RUNPATH_SEARCH_PATHS = "$(inherited) @executable_path/Frameworks";
				PRODUCT_BUNDLE_IDENTIFIER = com.yulore.DHBDemo;
				PRODUCT_NAME = "$(TARGET_NAME)";
			};
			name = Release;
		};
/* End XCBuildConfiguration section */

/* Begin XCConfigurationList section */
		BFA146151D53222D008DE524 /* Build configuration list for PBXProject "DHBDemo" */ = {
			isa = XCConfigurationList;
			buildConfigurations = (
				BFA1462F1D53222D008DE524 /* Debug */,
				BFA146301D53222D008DE524 /* Release */,
			);
			defaultConfigurationIsVisible = 0;
			defaultConfigurationName = Release;
		};
		BFA146311D53222D008DE524 /* Build configuration list for PBXNativeTarget "DHBDemo" */ = {
			isa = XCConfigurationList;
			buildConfigurations = (
				BFA146321D53222D008DE524 /* Debug */,
				BFA146331D53222D008DE524 /* Release */,
			);
			defaultConfigurationIsVisible = 0;
			defaultConfigurationName = Release;
		};
/* End XCConfigurationList section */
	};
	rootObject = BFA146121D53222D008DE524 /* Project object */;
}
